// !$*UTF8*$!
{
	archiveVersion = 1;
	classes = {
	};
	objectVersion = 50;
	objects = {

/* Begin PBXBuildFile section */
		F4F7C636229B7BF0001ADF45 /* AppDelegate.swift in Sources */ = {isa = PBXBuildFile; fileRef = F4F7C635229B7BF0001ADF45 /* AppDelegate.swift */; };
		F4F7C638229B7BF0001ADF45 /* ViewController.swift in Sources */ = {isa = PBXBuildFile; fileRef = F4F7C637229B7BF0001ADF45 /* ViewController.swift */; };
		F4F7C63B229B7BF0001ADF45 /* Main.storyboard in Resources */ = {isa = PBXBuildFile; fileRef = F4F7C639229B7BF0001ADF45 /* Main.storyboard */; };
		F4F7C63D229B7BF1001ADF45 /* Assets.xcassets in Resources */ = {isa = PBXBuildFile; fileRef = F4F7C63C229B7BF1001ADF45 /* Assets.xcassets */; };
		F4F7C640229B7BF1001ADF45 /* LaunchScreen.storyboard in Resources */ = {isa = PBXBuildFile; fileRef = F4F7C63E229B7BF1001ADF45 /* LaunchScreen.storyboard */; };
		F4F7C64B229B7BF1001ADF45 /* liaoAppTests.swift in Sources */ = {isa = PBXBuildFile; fileRef = F4F7C64A229B7BF1001ADF45 /* liaoAppTests.swift */; };
		F4F7C656229B7BF1001ADF45 /* liaoAppUITests.swift in Sources */ = {isa = PBXBuildFile; fileRef = F4F7C655229B7BF1001ADF45 /* liaoAppUITests.swift */; };
/* End PBXBuildFile section */

/* Begin PBXContainerItemProxy section */
		F4F7C647229B7BF1001ADF45 /* PBXContainerItemProxy */ = {
			isa = PBXContainerItemProxy;
			containerPortal = F4F7C62A229B7BF0001ADF45 /* Project object */;
			proxyType = 1;
			remoteGlobalIDString = F4F7C631229B7BF0001ADF45;
			remoteInfo = liaoApp;
		};
		F4F7C652229B7BF1001ADF45 /* PBXContainerItemProxy */ = {
			isa = PBXContainerItemProxy;
			containerPortal = F4F7C62A229B7BF0001ADF45 /* Project object */;
			proxyType = 1;
			remoteGlobalIDString = F4F7C631229B7BF0001ADF45;
			remoteInfo = liaoApp;
		};
/* End PBXContainerItemProxy section */

/* Begin PBXFileReference section */
		F4F7C632229B7BF0001ADF45 /* liaoApp.app */ = {isa = PBXFileReference; explicitFileType = wrapper.application; includeInIndex = 0; path = liaoApp.app; sourceTree = BUILT_PRODUCTS_DIR; };
		F4F7C635229B7BF0001ADF45 /* AppDelegate.swift */ = {isa = PBXFileReference; lastKnownFileType = sourcecode.swift; path = AppDelegate.swift; sourceTree = "<group>"; };
		F4F7C637229B7BF0001ADF45 /* ViewController.swift */ = {isa = PBXFileReference; lastKnownFileType = sourcecode.swift; path = ViewController.swift; sourceTree = "<group>"; };
		F4F7C63A229B7BF0001ADF45 /* Base */ = {isa = PBXFileReference; lastKnownFileType = file.storyboard; name = Base; path = Base.lproj/Main.storyboard; sourceTree = "<group>"; };
		F4F7C63C229B7BF1001ADF45 /* Assets.xcassets */ = {isa = PBXFileReference; lastKnownFileType = folder.assetcatalog; path = Assets.xcassets; sourceTree = "<group>"; };
		F4F7C63F229B7BF1001ADF45 /* Base */ = {isa = PBXFileReference; lastKnownFileType = file.storyboard; name = Base; path = Base.lproj/LaunchScreen.storyboard; sourceTree = "<group>"; };
		F4F7C641229B7BF1001ADF45 /* Info.plist */ = {isa = PBXFileReference; lastKnownFileType = text.plist.xml; path = Info.plist; sourceTree = "<group>"; };
		F4F7C646229B7BF1001ADF45 /* liaoAppTests.xctest */ = {isa = PBXFileReference; explicitFileType = wrapper.cfbundle; includeInIndex = 0; path = liaoAppTests.xctest; sourceTree = BUILT_PRODUCTS_DIR; };
		F4F7C64A229B7BF1001ADF45 /* liaoAppTests.swift */ = {isa = PBXFileReference; lastKnownFileType = sourcecode.swift; path = liaoAppTests.swift; sourceTree = "<group>"; };
		F4F7C64C229B7BF1001ADF45 /* Info.plist */ = {isa = PBXFileReference; lastKnownFileType = text.plist.xml; path = Info.plist; sourceTree = "<group>"; };
		F4F7C651229B7BF1001ADF45 /* liaoAppUITests.xctest */ = {isa = PBXFileReference; explicitFileType = wrapper.cfbundle; includeInIndex = 0; path = liaoAppUITests.xctest; sourceTree = BUILT_PRODUCTS_DIR; };
		F4F7C655229B7BF1001ADF45 /* liaoAppUITests.swift */ = {isa = PBXFileReference; lastKnownFileType = sourcecode.swift; path = liaoAppUITests.swift; sourceTree = "<group>"; };
		F4F7C657229B7BF1001ADF45 /* Info.plist */ = {isa = PBXFileReference; lastKnownFileType = text.plist.xml; path = Info.plist; sourceTree = "<group>"; };
/* End PBXFileReference section */

/* Begin PBXFrameworksBuildPhase section */
		F4F7C62F229B7BF0001ADF45 /* Frameworks */ = {
			isa = PBXFrameworksBuildPhase;
			buildActionMask = 2147483647;
			files = (
			);
			runOnlyForDeploymentPostprocessing = 0;
		};
		F4F7C643229B7BF1001ADF45 /* Frameworks */ = {
			isa = PBXFrameworksBuildPhase;
			buildActionMask = 2147483647;
			files = (
			);
			runOnlyForDeploymentPostprocessing = 0;
		};
		F4F7C64E229B7BF1001ADF45 /* Frameworks */ = {
			isa = PBXFrameworksBuildPhase;
			buildActionMask = 2147483647;
			files = (
			);
			runOnlyForDeploymentPostprocessing = 0;
		};
/* End PBXFrameworksBuildPhase section */

/* Begin PBXGroup section */
		F4F7C629229B7BF0001ADF45 = {
			isa = PBXGroup;
			children = (
				F4F7C634229B7BF0001ADF45 /* liaoApp */,
				F4F7C649229B7BF1001ADF45 /* liaoAppTests */,
				F4F7C654229B7BF1001ADF45 /* liaoAppUITests */,
				F4F7C633229B7BF0001ADF45 /* Products */,
			);
			sourceTree = "<group>";
		};
		F4F7C633229B7BF0001ADF45 /* Products */ = {
			isa = PBXGroup;
			children = (
				F4F7C632229B7BF0001ADF45 /* liaoApp.app */,
				F4F7C646229B7BF1001ADF45 /* liaoAppTests.xctest */,
				F4F7C651229B7BF1001ADF45 /* liaoAppUITests.xctest */,
			);
			name = Products;
			sourceTree = "<group>";
		};
		F4F7C634229B7BF0001ADF45 /* liaoApp */ = {
			isa = PBXGroup;
			children = (
				F4F7C635229B7BF0001ADF45 /* AppDelegate.swift */,
				F4F7C637229B7BF0001ADF45 /* ViewController.swift */,
				F4F7C639229B7BF0001ADF45 /* Main.storyboard */,
				F4F7C63C229B7BF1001ADF45 /* Assets.xcassets */,
				F4F7C63E229B7BF1001ADF45 /* LaunchScreen.storyboard */,
				F4F7C641229B7BF1001ADF45 /* Info.plist */,
			);
			path = liaoApp;
			sourceTree = "<group>";
		};
		F4F7C649229B7BF1001ADF45 /* liaoAppTests */ = {
			isa = PBXGroup;
			children = (
				F4F7C64A229B7BF1001ADF45 /* liaoAppTests.swift */,
				F4F7C64C229B7BF1001ADF45 /* Info.plist */,
			);
			path = liaoAppTests;
			sourceTree = "<group>";
		};
		F4F7C654229B7BF1001ADF45 /* liaoAppUITests */ = {
			isa = PBXGroup;
			children = (
				F4F7C655229B7BF1001ADF45 /* liaoAppUITests.swift */,
				F4F7C657229B7BF1001ADF45 /* Info.plist */,
			);
			path = liaoAppUITests;
			sourceTree = "<group>";
		};
/* End PBXGroup section */

/* Begin PBXNativeTarget section */
		F4F7C631229B7BF0001ADF45 /* liaoApp */ = {
			isa = PBXNativeTarget;
			buildConfigurationList = F4F7C65A229B7BF1001ADF45 /* Build configuration list for PBXNativeTarget "liaoApp" */;
			buildPhases = (
				F4F7C62E229B7BF0001ADF45 /* Sources */,
				F4F7C62F229B7BF0001ADF45 /* Frameworks */,
				F4F7C630229B7BF0001ADF45 /* Resources */,
			);
			buildRules = (
			);
			dependencies = (
			);
			name = liaoApp;
			productName = liaoApp;
			productReference = F4F7C632229B7BF0001ADF45 /* liaoApp.app */;
			productType = "com.apple.product-type.application";
		};
		F4F7C645229B7BF1001ADF45 /* liaoAppTests */ = {
			isa = PBXNativeTarget;
			buildConfigurationList = F4F7C65D229B7BF1001ADF45 /* Build configuration list for PBXNativeTarget "liaoAppTests" */;
			buildPhases = (
				F4F7C642229B7BF1001ADF45 /* Sources */,
				F4F7C643229B7BF1001ADF45 /* Frameworks */,
				F4F7C644229B7BF1001ADF45 /* Resources */,
			);
			buildRules = (
			);
			dependencies = (
				F4F7C648229B7BF1001ADF45 /* PBXTargetDependency */,
			);
			name = liaoAppTests;
			productName = liaoAppTests;
			productReference = F4F7C646229B7BF1001ADF45 /* liaoAppTests.xctest */;
			productType = "com.apple.product-type.bundle.unit-test";
		};
		F4F7C650229B7BF1001ADF45 /* liaoAppUITests */ = {
			isa = PBXNativeTarget;
			buildConfigurationList = F4F7C660229B7BF1001ADF45 /* Build configuration list for PBXNativeTarget "liaoAppUITests" */;
			buildPhases = (
				F4F7C64D229B7BF1001ADF45 /* Sources */,
				F4F7C64E229B7BF1001ADF45 /* Frameworks */,
				F4F7C64F229B7BF1001ADF45 /* Resources */,
			);
			buildRules = (
			);
			dependencies = (
				F4F7C653229B7BF1001ADF45 /* PBXTargetDependency */,
			);
			name = liaoAppUITests;
			productName = liaoAppUITests;
			productReference = F4F7C651229B7BF1001ADF45 /* liaoAppUITests.xctest */;
			productType = "com.apple.product-type.bundle.ui-testing";
		};
/* End PBXNativeTarget section */

/* Begin PBXProject section */
		F4F7C62A229B7BF0001ADF45 /* Project object */ = {
			isa = PBXProject;
			attributes = {
				LastSwiftUpdateCheck = 1020;
				LastUpgradeCheck = 1020;
				ORGANIZATIONNAME = CJCU;
				TargetAttributes = {
					F4F7C631229B7BF0001ADF45 = {
						CreatedOnToolsVersion = 10.2.1;
					};
					F4F7C645229B7BF1001ADF45 = {
						CreatedOnToolsVersion = 10.2.1;
						TestTargetID = F4F7C631229B7BF0001ADF45;
					};
					F4F7C650229B7BF1001ADF45 = {
						CreatedOnToolsVersion = 10.2.1;
						TestTargetID = F4F7C631229B7BF0001ADF45;
					};
				};
			};
			buildConfigurationList = F4F7C62D229B7BF0001ADF45 /* Build configuration list for PBXProject "liaoApp" */;
			compatibilityVersion = "Xcode 9.3";
			developmentRegion = en;
			hasScannedForEncodings = 0;
			knownRegions = (
				en,
				Base,
			);
			mainGroup = F4F7C629229B7BF0001ADF45;
			productRefGroup = F4F7C633229B7BF0001ADF45 /* Products */;
			projectDirPath = "";
			projectRoot = "";
			targets = (
				F4F7C631229B7BF0001ADF45 /* liaoApp */,
				F4F7C645229B7BF1001ADF45 /* liaoAppTests */,
				F4F7C650229B7BF1001ADF45 /* liaoAppUITests */,
			);
		};
/* End PBXProject section */

/* Begin PBXResourcesBuildPhase section */
		F4F7C630229B7BF0001ADF45 /* Resources */ = {
			isa = PBXResourcesBuildPhase;
			buildActionMask = 2147483647;
			files = (
				F4F7C640229B7BF1001ADF45 /* LaunchScreen.storyboard in Resources */,
				F4F7C63D229B7BF1001ADF45 /* Assets.xcassets in Resources */,
				F4F7C63B229B7BF0001ADF45 /* Main.storyboard in Resources */,
			);
			runOnlyForDeploymentPostprocessing = 0;
		};
		F4F7C644229B7BF1001ADF45 /* Resources */ = {
			isa = PBXResourcesBuildPhase;
			buildActionMask = 2147483647;
			files = (
			);
			runOnlyForDeploymentPostprocessing = 0;
		};
		F4F7C64F229B7BF1001ADF45 /* Resources */ = {
			isa = PBXResourcesBuildPhase;
			buildActionMask = 2147483647;
			files = (
			);
			runOnlyForDeploymentPostprocessing = 0;
		};
/* End PBXResourcesBuildPhase section */

/* Begin PBXSourcesBuildPhase section */
		F4F7C62E229B7BF0001ADF45 /* Sources */ = {
			isa = PBXSourcesBuildPhase;
			buildActionMask = 2147483647;
			files = (
				F4F7C638229B7BF0001ADF45 /* ViewController.swift in Sources */,
				F4F7C636229B7BF0001ADF45 /* AppDelegate.swift in Sources */,
			);
			runOnlyForDeploymentPostprocessing = 0;
		};
		F4F7C642229B7BF1001ADF45 /* Sources */ = {
			isa = PBXSourcesBuildPhase;
			buildActionMask = 2147483647;
			files = (
				F4F7C64B229B7BF1001ADF45 /* liaoAppTests.swift in Sources */,
			);
			runOnlyForDeploymentPostprocessing = 0;
		};
		F4F7C64D229B7BF1001ADF45 /* Sources */ = {
			isa = PBXSourcesBuildPhase;
			buildActionMask = 2147483647;
			files = (
				F4F7C656229B7BF1001ADF45 /* liaoAppUITests.swift in Sources */,
			);
			runOnlyForDeploymentPostprocessing = 0;
		};
/* End PBXSourcesBuildPhase section */

/* Begin PBXTargetDependency section */
		F4F7C648229B7BF1001ADF45 /* PBXTargetDependency */ = {
			isa = PBXTargetDependency;
			target = F4F7C631229B7BF0001ADF45 /* liaoApp */;
			targetProxy = F4F7C647229B7BF1001ADF45 /* PBXContainerItemProxy */;
		};
		F4F7C653229B7BF1001ADF45 /* PBXTargetDependency */ = {
			isa = PBXTargetDependency;
			target = F4F7C631229B7BF0001ADF45 /* liaoApp */;
			targetProxy = F4F7C652229B7BF1001ADF45 /* PBXContainerItemProxy */;
		};
/* End PBXTargetDependency section */

/* Begin PBXVariantGroup section */
		F4F7C639229B7BF0001ADF45 /* Main.storyboard */ = {
			isa = PBXVariantGroup;
			children = (
				F4F7C63A229B7BF0001ADF45 /* Base */,
			);
			name = Main.storyboard;
			sourceTree = "<group>";
		};
		F4F7C63E229B7BF1001ADF45 /* LaunchScreen.storyboard */ = {
			isa = PBXVariantGroup;
			children = (
				F4F7C63F229B7BF1001ADF45 /* Base */,
			);
			name = LaunchScreen.storyboard;
			sourceTree = "<group>";
		};
/* End PBXVariantGroup section */

/* Begin XCBuildConfiguration section */
		F4F7C658229B7BF1001ADF45 /* Debug */ = {
			isa = XCBuildConfiguration;
			buildSettings = {
				ALWAYS_SEARCH_USER_PATHS = NO;
				CLANG_ANALYZER_NONNULL = YES;
				CLANG_ANALYZER_NUMBER_OBJECT_CONVERSION = YES_AGGRESSIVE;
				CLANG_CXX_LANGUAGE_STANDARD = "gnu++14";
				CLANG_CXX_LIBRARY = "libc++";
				CLANG_ENABLE_MODULES = YES;
				CLANG_ENABLE_OBJC_ARC = YES;
				CLANG_ENABLE_OBJC_WEAK = YES;
				CLANG_WARN_BLOCK_CAPTURE_AUTORELEASING = YES;
				CLANG_WARN_BOOL_CONVERSION = YES;
				CLANG_WARN_COMMA = YES;
				CLANG_WARN_CONSTANT_CONVERSION = YES;
				CLANG_WARN_DEPRECATED_OBJC_IMPLEMENTATIONS = YES;
				CLANG_WARN_DIRECT_OBJC_ISA_USAGE = YES_ERROR;
				CLANG_WARN_DOCUMENTATION_COMMENTS = YES;
				CLANG_WARN_EMPTY_BODY = YES;
				CLANG_WARN_ENUM_CONVERSION = YES;
				CLANG_WARN_INFINITE_RECURSION = YES;
				CLANG_WARN_INT_CONVERSION = YES;
				CLANG_WARN_NON_LITERAL_NULL_CONVERSION = YES;
				CLANG_WARN_OBJC_IMPLICIT_RETAIN_SELF = YES;
				CLANG_WARN_OBJC_LITERAL_CONVERSION = YES;
				CLANG_WARN_OBJC_ROOT_CLASS = YES_ERROR;
				CLANG_WARN_RANGE_LOOP_ANALYSIS = YES;
				CLANG_WARN_STRICT_PROTOTYPES = YES;
				CLANG_WARN_SUSPICIOUS_MOVE = YES;
				CLANG_WARN_UNGUARDED_AVAILABILITY = YES_AGGRESSIVE;
				CLANG_WARN_UNREACHABLE_CODE = YES;
				CLANG_WARN__DUPLICATE_METHOD_MATCH = YES;
				CODE_SIGN_IDENTITY = "iPhone Developer";
				COPY_PHASE_STRIP = NO;
				DEBUG_INFORMATION_FORMAT = dwarf;
				ENABLE_STRICT_OBJC_MSGSEND = YES;
				ENABLE_TESTABILITY = YES;
				GCC_C_LANGUAGE_STANDARD = gnu11;
				GCC_DYNAMIC_NO_PIC = NO;
				GCC_NO_COMMON_BLOCKS = YES;
				GCC_OPTIMIZATION_LEVEL = 0;
				GCC_PREPROCESSOR_DEFINITIONS = (
					"DEBUG=1",
					"$(inherited)",
				);
				GCC_WARN_64_TO_32_BIT_CONVERSION = YES;
				GCC_WARN_ABOUT_RETURN_TYPE = YES_ERROR;
				GCC_WARN_UNDECLARED_SELECTOR = YES;
				GCC_WARN_UNINITIALIZED_AUTOS = YES_AGGRESSIVE;
				GCC_WARN_UNUSED_FUNCTION = YES;
				GCC_WARN_UNUSED_VARIABLE = YES;
				IPHONEOS_DEPLOYMENT_TARGET = 12.2;
				MTL_ENABLE_DEBUG_INFO = INCLUDE_SOURCE;
				MTL_FAST_MATH = YES;
				ONLY_ACTIVE_ARCH = YES;
				SDKROOT = iphoneos;
				SWIFT_ACTIVE_COMPILATION_CONDITIONS = DEBUG;
				SWIFT_OPTIMIZATION_LEVEL = "-Onone";
			};
			name = Debug;
		};
		F4F7C659229B7BF1001ADF45 /* Release */ = {
			isa = XCBuildConfiguration;
			buildSettings = {
				ALWAYS_SEARCH_USER_PATHS = NO;
				CLANG_ANALYZER_NONNULL = YES;
				CLANG_ANALYZER_NUMBER_OBJECT_CONVERSION = YES_AGGRESSIVE;
				CLANG_CXX_LANGUAGE_STANDARD = "gnu++14";
				CLANG_CXX_LIBRARY = "libc++";
				CLANG_ENABLE_MODULES = YES;
				CLANG_ENABLE_OBJC_ARC = YES;
				CLANG_ENABLE_OBJC_WEAK = YES;
				CLANG_WARN_BLOCK_CAPTURE_AUTORELEASING = YES;
				CLANG_WARN_BOOL_CONVERSION = YES;
				CLANG_WARN_COMMA = YES;
				CLANG_WARN_CONSTANT_CONVERSION = YES;
				CLANG_WARN_DEPRECATED_OBJC_IMPLEMENTATIONS = YES;
				CLANG_WARN_DIRECT_OBJC_ISA_USAGE = YES_ERROR;
				CLANG_WARN_DOCUMENTATION_COMMENTS = YES;
				CLANG_WARN_EMPTY_BODY = YES;
				CLANG_WARN_ENUM_CONVERSION = YES;
				CLANG_WARN_INFINITE_RECURSION = YES;
				CLANG_WARN_INT_CONVERSION = YES;
				CLANG_WARN_NON_LITERAL_NULL_CONVERSION = YES;
				CLANG_WARN_OBJC_IMPLICIT_RETAIN_SELF = YES;
				CLANG_WARN_OBJC_LITERAL_CONVERSION = YES;
				CLANG_WARN_OBJC_ROOT_CLASS = YES_ERROR;
				CLANG_WARN_RANGE_LOOP_ANALYSIS = YES;
				CLANG_WARN_STRICT_PROTOTYPES = YES;
				CLANG_WARN_SUSPICIOUS_MOVE = YES;
				CLANG_WARN_UNGUARDED_AVAILABILITY = YES_AGGRESSIVE;
				CLANG_WARN_UNREACHABLE_CODE = YES;
				CLANG_WARN__DUPLICATE_METHOD_MATCH = YES;
				CODE_SIGN_IDENTITY = "iPhone Developer";
				COPY_PHASE_STRIP = NO;
				DEBUG_INFORMATION_FORMAT = "dwarf-with-dsym";
				ENABLE_NS_ASSERTIONS = NO;
				ENABLE_STRICT_OBJC_MSGSEND = YES;
				GCC_C_LANGUAGE_STANDARD = gnu11;
				GCC_NO_COMMON_BLOCKS = YES;
				GCC_WARN_64_TO_32_BIT_CONVERSION = YES;
				GCC_WARN_ABOUT_RETURN_TYPE = YES_ERROR;
				GCC_WARN_UNDECLARED_SELECTOR = YES;
				GCC_WARN_UNINITIALIZED_AUTOS = YES_AGGRESSIVE;
				GCC_WARN_UNUSED_FUNCTION = YES;
				GCC_WARN_UNUSED_VARIABLE = YES;
				IPHONEOS_DEPLOYMENT_TARGET = 12.2;
				MTL_ENABLE_DEBUG_INFO = NO;
				MTL_FAST_MATH = YES;
				SDKROOT = iphoneos;
				SWIFT_COMPILATION_MODE = wholemodule;
				SWIFT_OPTIMIZATION_LEVEL = "-O";
				VALIDATE_PRODUCT = YES;
			};
			name = Release;
		};
		F4F7C65B229B7BF1001ADF45 /* Debug */ = {
			isa = XCBuildConfiguration;
			buildSettings = {
				ASSETCATALOG_COMPILER_APPICON_NAME = AppIcon;
				CODE_SIGN_STYLE = Automatic;
				DEVELOPMENT_TEAM = Z8ZJ5X4U32;
				INFOPLIST_FILE = liaoApp/Info.plist;
				LD_RUNPATH_SEARCH_PATHS = (
					"$(inherited)",
					"@executable_path/Frameworks",
				);
				PRODUCT_BUNDLE_IDENTIFIER = edu.cjcu.liaoApp;
				PRODUCT_NAME = "$(TARGET_NAME)";
				SWIFT_VERSION = 5.0;
				TARGETED_DEVICE_FAMILY = "1,2";
			};
			name = Debug;
		};
		F4F7C65C229B7BF1001ADF45 /* Release */ = {
			isa = XCBuildConfiguration;
			buildSettings = {
				ASSETCATALOG_COMPILER_APPICON_NAME = AppIcon;
				CODE_SIGN_STYLE = Automatic;
				DEVELOPMENT_TEAM = Z8ZJ5X4U32;
				INFOPLIST_FILE = liaoApp/Info.plist;
				LD_RUNPATH_SEARCH_PATHS = (
					"$(inherited)",
					"@executable_path/Frameworks",
				);
				PRODUCT_BUNDLE_IDENTIFIER = edu.cjcu.liaoApp;
				PRODUCT_NAME = "$(TARGET_NAME)";
				SWIFT_VERSION = 5.0;
				TARGETED_DEVICE_FAMILY = "1,2";
			};
			name = Release;
		};
		F4F7C65E229B7BF1001ADF45 /* Debug */ = {
			isa = XCBuildConfiguration;
			buildSettings = {
				ALWAYS_EMBED_SWIFT_STANDARD_LIBRARIES = YES;
				BUNDLE_LOADER = "$(TEST_HOST)";
				CODE_SIGN_STYLE = Automatic;
				DEVELOPMENT_TEAM = Z8ZJ5X4U32;
				INFOPLIST_FILE = liaoAppTests/Info.plist;
				LD_RUNPATH_SEARCH_PATHS = (
					"$(inherited)",
					"@executable_path/Frameworks",
					"@loader_path/Frameworks",
				);
				PRODUCT_BUNDLE_IDENTIFIER = edu.cjcu.liaoAppTests;
				PRODUCT_NAME = "$(TARGET_NAME)";
				SWIFT_VERSION = 5.0;
				TARGETED_DEVICE_FAMILY = "1,2";
				TEST_HOST = "$(BUILT_PRODUCTS_DIR)/liaoApp.app/liaoApp";
			};
			name = Debug;
		};
		F4F7C65F229B7BF1001ADF45 /* Release */ = {
			isa = XCBuildConfiguration;
			buildSettings = {
				ALWAYS_EMBED_SWIFT_STANDARD_LIBRARIES = YES;
				BUNDLE_LOADER = "$(TEST_HOST)";
				CODE_SIGN_STYLE = Automatic;
				DEVELOPMENT_TEAM = Z8ZJ5X4U32;
				INFOPLIST_FILE = liaoAppTests/Info.plist;
				LD_RUNPATH_SEARCH_PATHS = (
					"$(inherited)",
					"@executable_path/Frameworks",
					"@loader_path/Frameworks",
				);
				PRODUCT_BUNDLE_IDENTIFIER = edu.cjcu.liaoAppTests;
				PRODUCT_NAME = "$(TARGET_NAME)";
				SWIFT_VERSION = 5.0;
				TARGETED_DEVICE_FAMILY = "1,2";
				TEST_HOST = "$(BUILT_PRODUCTS_DIR)/liaoApp.app/liaoApp";
			};
			name = Release;
		};
		F4F7C661229B7BF1001ADF45 /* Debug */ = {
			isa = XCBuildConfiguration;
			buildSettings = {
				ALWAYS_EMBED_SWIFT_STANDARD_LIBRARIES = YES;
				CODE_SIGN_STYLE = Automatic;
				DEVELOPMENT_TEAM = Z8ZJ5X4U32;
				INFOPLIST_FILE = liaoAppUITests/Info.plist;
				LD_RUNPATH_SEARCH_PATHS = (
					"$(inherited)",
					"@executable_path/Frameworks",
					"@loader_path/Frameworks",
				);
				PRODUCT_BUNDLE_IDENTIFIER = edu.cjcu.liaoAppUITests;
				PRODUCT_NAME = "$(TARGET_NAME)";
				SWIFT_VERSION = 5.0;
				TARGETED_DEVICE_FAMILY = "1,2";
				TEST_TARGET_NAME = liaoApp;
			};
			name = Debug;
		};
		F4F7C662229B7BF1001ADF45 /* Release */ = {
			isa = XCBuildConfiguration;
			buildSettings = {
				ALWAYS_EMBED_SWIFT_STANDARD_LIBRARIES = YES;
				CODE_SIGN_STYLE = Automatic;
				DEVELOPMENT_TEAM = Z8ZJ5X4U32;
				INFOPLIST_FILE = liaoAppUITests/Info.plist;
				LD_RUNPATH_SEARCH_PATHS = (
					"$(inherited)",
					"@executable_path/Frameworks",
					"@loader_path/Frameworks",
				);
				PRODUCT_BUNDLE_IDENTIFIER = edu.cjcu.liaoAppUITests;
				PRODUCT_NAME = "$(TARGET_NAME)";
				SWIFT_VERSION = 5.0;
				TARGETED_DEVICE_FAMILY = "1,2";
				TEST_TARGET_NAME = liaoApp;
			};
			name = Release;
		};
/* End XCBuildConfiguration section */

/* Begin XCConfigurationList section */
		F4F7C62D229B7BF0001ADF45 /* Build configuration list for PBXProject "liaoApp" */ = {
			isa = XCConfigurationList;
			buildConfigurations = (
				F4F7C658229B7BF1001ADF45 /* Debug */,
				F4F7C659229B7BF1001ADF45 /* Release */,
			);
			defaultConfigurationIsVisible = 0;
			defaultConfigurationName = Release;
		};
		F4F7C65A229B7BF1001ADF45 /* Build configuration list for PBXNativeTarget "liaoApp" */ = {
			isa = XCConfigurationList;
			buildConfigurations = (
				F4F7C65B229B7BF1001ADF45 /* Debug */,
				F4F7C65C229B7BF1001ADF45 /* Release */,
			);
			defaultConfigurationIsVisible = 0;
			defaultConfigurationName = Release;
		};
		F4F7C65D229B7BF1001ADF45 /* Build configuration list for PBXNativeTarget "liaoAppTests" */ = {
			isa = XCConfigurationList;
			buildConfigurations = (
				F4F7C65E229B7BF1001ADF45 /* Debug */,
				F4F7C65F229B7BF1001ADF45 /* Release */,
			);
			defaultConfigurationIsVisible = 0;
			defaultConfigurationName = Release;
		};
		F4F7C660229B7BF1001ADF45 /* Build configuration list for PBXNativeTarget "liaoAppUITests" */ = {
			isa = XCConfigurationList;
			buildConfigurations = (
				F4F7C661229B7BF1001ADF45 /* Debug */,
				F4F7C662229B7BF1001ADF45 /* Release */,
			);
			defaultConfigurationIsVisible = 0;
			defaultConfigurationName = Release;
		};
/* End XCConfigurationList section */
	};
	rootObject = F4F7C62A229B7BF0001ADF45 /* Project object */;
}
